# This file is automatically @generated by Cargo.
# It is not intended for manual editing.
version = 4

[[package]]
name = "pxr-runtime-c-api"
version = "0.2.0"
dependencies = [
 "pxr-runtime-codec",
 "pxr-runtime-core",
]

[[package]]
name = "pxr-runtime-codec"
version = "0.2.0"
dependencies = [
 "pxr-runtime-core",
]

[[package]]
name = "pxr-runtime-core"
version = "0.2.0"

[[package]]
name = "pxr-runtime-sim"
version = "0.2.0"
dependencies = [
 "pxr-runtime-codec",
 "pxr-runtime-core",
]
